
Microsoft Visual Studio Solution File, Format Version 12.00
# Visual Studio 15
VisualStudioVersion = 15.0.27703.2000
MinimumVisualStudioVersion = 10.0.40219.1
Project("{FAE04EC0-301F-11D3-BF4B-00C04F79EFBC}") = "XFormsCardView.Android", "XFormsCardView\XFormsCardView.Android\XFormsCardView.Android.csproj", "{4B921431-3347-447B-A41D-7DE2480F576F}"
EndProject
Project("{FAE04EC0-301F-11D3-BF4B-00C04F79EFBC}") = "XFormsCardView.iOS", "XFormsCardView\XFormsCardView.iOS\XFormsCardView.iOS.csproj", "{62D5D4B9-828E-4F6D-B158-E1AA33FBE2BC}"
EndProject
Project("{FAE04EC0-301F-11D3-BF4B-00C04F79EFBC}") = "XFormsCardView", "XFormsCardView\XFormsCardView\XFormsCardView.csproj", "{FE053FC4-E50E-40EC-83EE-78B8493A5B43}"
EndProject
Global
	GlobalSection(SolutionConfigurationPlatforms) = preSolution
		Ad-Hoc|Any CPU = Ad-Hoc|Any CPU
		Ad-Hoc|iPhone = Ad-Hoc|iPhone
		Ad-Hoc|iPhoneSimulator = Ad-Hoc|iPhoneSimulator
		AppStore|Any CPU = AppStore|Any CPU
		AppStore|iPhone = AppStore|iPhone
		AppStore|iPhoneSimulator = AppStore|iPhoneSimulator
		Debug|Any CPU = Debug|Any CPU
		Debug|iPhone = Debug|iPhone
		Debug|iPhoneSimulator = Debug|iPhoneSimulator
		Release|Any CPU = Release|Any CPU
		Release|iPhone = Release|iPhone
		Release|iPhoneSimulator = Release|iPhoneSimulator
	EndGlobalSection
	GlobalSection(ProjectConfigurationPlatforms) = postSolution
		{4B921431-3347-447B-A41D-7DE2480F576F}.Ad-Hoc|Any CPU.ActiveCfg = Release|Any CPU
		{4B921431-3347-447B-A41D-7DE2480F576F}.Ad-Hoc|Any CPU.Build.0 = Release|Any CPU
		{4B921431-3347-447B-A41D-7DE2480F576F}.Ad-Hoc|Any CPU.Deploy.0 = Release|Any CPU
		{4B921431-3347-447B-A41D-7DE2480F576F}.Ad-Hoc|iPhone.ActiveCfg = Release|Any CPU
		{4B921431-3347-447B-A41D-7DE2480F576F}.Ad-Hoc|iPhone.Build.0 = Release|Any CPU
		{4B921431-3347-447B-A41D-7DE2480F576F}.Ad-Hoc|iPhone.Deploy.0 = Release|Any CPU
		{4B921431-3347-447B-A41D-7DE2480F576F}.Ad-Hoc|iPhoneSimulator.ActiveCfg = Release|Any CPU
		{4B921431-3347-447B-A41D-7DE2480F576F}.Ad-Hoc|iPhoneSimulator.Build.0 = Release|Any CPU
		{4B921431-3347-447B-A41D-7DE2480F576F}.Ad-Hoc|iPhoneSimulator.Deploy.0 = Release|Any CPU
		{4B921431-3347-447B-A41D-7DE2480F576F}.AppStore|Any CPU.ActiveCfg = Release|Any CPU
		{4B921431-3347-447B-A41D-7DE2480F576F}.AppStore|Any CPU.Build.0 = Release|Any CPU
		{4B921431-3347-447B-A41D-7DE2480F576F}.AppStore|Any CPU.Deploy.0 = Release|Any CPU
		{4B921431-3347-447B-A41D-7DE2480F576F}.AppStore|iPhone.ActiveCfg = Release|Any CPU
		{4B921431-3347-447B-A41D-7DE2480F576F}.AppStore|iPhone.Build.0 = Release|Any CPU
		{4B921431-3347-447B-A41D-7DE2480F576F}.AppStore|iPhone.Deploy.0 = Release|Any CPU
		{4B921431-3347-447B-A41D-7DE2480F576F}.AppStore|iPhoneSimulator.ActiveCfg = Release|Any CPU
		{4B921431-3347-447B-A41D-7DE2480F576F}.AppStore|iPhoneSimulator.Build.0 = Release|Any CPU
		{4B921431-3347-447B-A41D-7DE2480F576F}.AppStore|iPhoneSimulator.Deploy.0 = Release|Any CPU
		{4B921431-3347-447B-A41D-7DE2480F576F}.Debug|Any CPU.ActiveCfg = Debug|Any CPU
		{4B921431-3347-447B-A41D-7DE2480F576F}.Debug|Any CPU.Build.0 = Debug|Any CPU
		{4B921431-3347-447B-A41D-7DE2480F576F}.Debug|Any CPU.Deploy.0 = Debug|Any CPU
		{4B921431-3347-447B-A41D-7DE2480F576F}.Debug|iPhone.ActiveCfg = Debug|Any CPU
		{4B921431-3347-447B-A41D-7DE2480F576F}.Debug|iPhone.Build.0 = Debug|Any CPU
		{4B921431-3347-447B-A41D-7DE2480F576F}.Debug|iPhone.Deploy.0 = Debug|Any CPU
		{4B921431-3347-447B-A41D-7DE2480F576F}.Debug|iPhoneSimulator.ActiveCfg = Debug|Any CPU
		{4B921431-3347-447B-A41D-7DE2480F576F}.Debug|iPhoneSimulator.Build.0 = Debug|Any CPU
		{4B921431-3347-447B-A41D-7DE2480F576F}.Debug|iPhoneSimulator.Deploy.0 = Debug|Any CPU
		{4B921431-3347-447B-A41D-7DE2480F576F}.Release|Any CPU.ActiveCfg = Release|Any CPU
		{4B921431-3347-447B-A41D-7DE2480F576F}.Release|Any CPU.Build.0 = Release|Any CPU
		{4B921431-3347-447B-A41D-7DE2480F576F}.Release|Any CPU.Deploy.0 = Release|Any CPU
		{4B921431-3347-447B-A41D-7DE2480F576F}.Release|iPhone.ActiveCfg = Release|Any CPU
		{4B921431-3347-447B-A41D-7DE2480F576F}.Release|iPhone.Build.0 = Release|Any CPU
		{4B921431-3347-447B-A41D-7DE2480F576F}.Release|iPhone.Deploy.0 = Release|Any CPU
		{4B921431-3347-447B-A41D-7DE2480F576F}.Release|iPhoneSimulator.ActiveCfg = Release|Any CPU
		{4B921431-3347-447B-A41D-7DE2480F576F}.Release|iPhoneSimulator.Build.0 = Release|Any CPU
		{4B921431-3347-447B-A41D-7DE2480F576F}.Release|iPhoneSimulator.Deploy.0 = Release|Any CPU
		{62D5D4B9-828E-4F6D-B158-E1AA33FBE2BC}.Ad-Hoc|Any CPU.ActiveCfg = Ad-Hoc|iPhone
		{62D5D4B9-828E-4F6D-B158-E1AA33FBE2BC}.Ad-Hoc|Any CPU.Build.0 = Ad-Hoc|iPhone
		{62D5D4B9-828E-4F6D-B158-E1AA33FBE2BC}.Ad-Hoc|Any CPU.Deploy.0 = Ad-Hoc|iPhone
		{62D5D4B9-828E-4F6D-B158-E1AA33FBE2BC}.Ad-Hoc|iPhone.ActiveCfg = Ad-Hoc|iPhone
		{62D5D4B9-828E-4F6D-B158-E1AA33FBE2BC}.Ad-Hoc|iPhone.Build.0 = Ad-Hoc|iPhone
		{62D5D4B9-828E-4F6D-B158-E1AA33FBE2BC}.Ad-Hoc|iPhone.Deploy.0 = Ad-Hoc|iPhone
		{62D5D4B9-828E-4F6D-B158-E1AA33FBE2BC}.Ad-Hoc|iPhoneSimulator.ActiveCfg = Ad-Hoc|iPhoneSimulator
		{62D5D4B9-828E-4F6D-B158-E1AA33FBE2BC}.Ad-Hoc|iPhoneSimulator.Build.0 = Ad-Hoc|iPhoneSimulator
		{62D5D4B9-828E-4F6D-B158-E1AA33FBE2BC}.Ad-Hoc|iPhoneSimulator.Deploy.0 = Ad-Hoc|iPhoneSimulator
		{62D5D4B9-828E-4F6D-B158-E1AA33FBE2BC}.AppStore|Any CPU.ActiveCfg = AppStore|iPhone
		{62D5D4B9-828E-4F6D-B158-E1AA33FBE2BC}.AppStore|Any CPU.Build.0 = AppStore|iPhone
		{62D5D4B9-828E-4F6D-B158-E1AA33FBE2BC}.AppStore|Any CPU.Deploy.0 = AppStore|iPhone
		{62D5D4B9-828E-4F6D-B158-E1AA33FBE2BC}.AppStore|iPhone.ActiveCfg = AppStore|iPhone
		{62D5D4B9-828E-4F6D-B158-E1AA33FBE2BC}.AppStore|iPhone.Build.0 = AppStore|iPhone
		{62D5D4B9-828E-4F6D-B158-E1AA33FBE2BC}.AppStore|iPhone.Deploy.0 = AppStore|iPhone
		{62D5D4B9-828E-4F6D-B158-E1AA33FBE2BC}.AppStore|iPhoneSimulator.ActiveCfg = AppStore|iPhoneSimulator
		{62D5D4B9-828E-4F6D-B158-E1AA33FBE2BC}.AppStore|iPhoneSimulator.Build.0 = AppStore|iPhoneSimulator
		{62D5D4B9-828E-4F6D-B158-E1AA33FBE2BC}.AppStore|iPhoneSimulator.Deploy.0 = AppStore|iPhoneSimulator
		{62D5D4B9-828E-4F6D-B158-E1AA33FBE2BC}.Debug|Any CPU.ActiveCfg = Debug|iPhoneSimulator
		{62D5D4B9-828E-4F6D-B158-E1AA33FBE2BC}.Debug|Any CPU.Build.0 = Debug|iPhoneSimulator
		{62D5D4B9-828E-4F6D-B158-E1AA33FBE2BC}.Debug|Any CPU.Deploy.0 = Debug|iPhoneSimulator
		{62D5D4B9-828E-4F6D-B158-E1AA33FBE2BC}.Debug|iPhone.ActiveCfg = Debug|iPhone
		{62D5D4B9-828E-4F6D-B158-E1AA33FBE2BC}.Debug|iPhone.Build.0 = Debug|iPhone
		{62D5D4B9-828E-4F6D-B158-E1AA33FBE2BC}.Debug|iPhone.Deploy.0 = Debug|iPhone
		{62D5D4B9-828E-4F6D-B158-E1AA33FBE2BC}.Debug|iPhoneSimulator.ActiveCfg = Debug|iPhoneSimulator
		{62D5D4B9-828E-4F6D-B158-E1AA33FBE2BC}.Debug|iPhoneSimulator.Build.0 = Debug|iPhoneSimulator
		{62D5D4B9-828E-4F6D-B158-E1AA33FBE2BC}.Debug|iPhoneSimulator.Deploy.0 = Debug|iPhoneSimulator
		{62D5D4B9-828E-4F6D-B158-E1AA33FBE2BC}.Release|Any CPU.ActiveCfg = Release|iPhone
		{62D5D4B9-828E-4F6D-B158-E1AA33FBE2BC}.Release|Any CPU.Build.0 = Release|iPhone
		{62D5D4B9-828E-4F6D-B158-E1AA33FBE2BC}.Release|Any CPU.Deploy.0 = Release|iPhone
		{62D5D4B9-828E-4F6D-B158-E1AA33FBE2BC}.Release|iPhone.ActiveCfg = Release|iPhone
		{62D5D4B9-828E-4F6D-B158-E1AA33FBE2BC}.Release|iPhone.Build.0 = Release|iPhone
		{62D5D4B9-828E-4F6D-B158-E1AA33FBE2BC}.Release|iPhone.Deploy.0 = Release|iPhone
		{62D5D4B9-828E-4F6D-B158-E1AA33FBE2BC}.Release|iPhoneSimulator.ActiveCfg = Release|iPhoneSimulator
		{62D5D4B9-828E-4F6D-B158-E1AA33FBE2BC}.Release|iPhoneSimulator.Build.0 = Release|iPhoneSimulator
		{62D5D4B9-828E-4F6D-B158-E1AA33FBE2BC}.Release|iPhoneSimulator.Deploy.0 = Release|iPhoneSimulator
		{FE053FC4-E50E-40EC-83EE-78B8493A5B43}.Ad-Hoc|Any CPU.ActiveCfg = Debug|Any CPU
		{FE053FC4-E50E-40EC-83EE-78B8493A5B43}.Ad-Hoc|Any CPU.Build.0 = Debug|Any CPU
		{FE053FC4-E50E-40EC-83EE-78B8493A5B43}.Ad-Hoc|Any CPU.Deploy.0 = Debug|Any CPU
		{FE053FC4-E50E-40EC-83EE-78B8493A5B43}.Ad-Hoc|iPhone.ActiveCfg = Debug|Any CPU
		{FE053FC4-E50E-40EC-83EE-78B8493A5B43}.Ad-Hoc|iPhone.Build.0 = Debug|Any CPU
		{FE053FC4-E50E-40EC-83EE-78B8493A5B43}.Ad-Hoc|iPhone.Deploy.0 = Debug|Any CPU
		{FE053FC4-E50E-40EC-83EE-78B8493A5B43}.Ad-Hoc|iPhoneSimulator.ActiveCfg = Debug|Any CPU
		{FE053FC4-E50E-40EC-83EE-78B8493A5B43}.Ad-Hoc|iPhoneSimulator.Build.0 = Debug|Any CPU
		{FE053FC4-E50E-40EC-83EE-78B8493A5B43}.Ad-Hoc|iPhoneSimulator.Deploy.0 = Debug|Any CPU
		{FE053FC4-E50E-40EC-83EE-78B8493A5B43}.AppStore|Any CPU.ActiveCfg = Debug|Any CPU
		{FE053FC4-E50E-40EC-83EE-78B8493A5B43}.AppStore|Any CPU.Build.0 = Debug|Any CPU
		{FE053FC4-E50E-40EC-83EE-78B8493A5B43}.AppStore|Any CPU.Deploy.0 = Debug|Any CPU
		{FE053FC4-E50E-40EC-83EE-78B8493A5B43}.AppStore|iPhone.ActiveCfg = Debug|Any CPU
		{FE053FC4-E50E-40EC-83EE-78B8493A5B43}.AppStore|iPhone.Build.0 = Debug|Any CPU
		{FE053FC4-E50E-40EC-83EE-78B8493A5B43}.AppStore|iPhone.Deploy.0 = Debug|Any CPU
		{FE053FC4-E50E-40EC-83EE-78B8493A5B43}.AppStore|iPhoneSimulator.ActiveCfg = Debug|Any CPU
		{FE053FC4-E50E-40EC-83EE-78B8493A5B43}.AppStore|iPhoneSimulator.Build.0 = Debug|Any CPU
		{FE053FC4-E50E-40EC-83EE-78B8493A5B43}.AppStore|iPhoneSimulator.Deploy.0 = Debug|Any CPU
		{FE053FC4-E50E-40EC-83EE-78B8493A5B43}.Debug|Any CPU.ActiveCfg = Debug|Any CPU
		{FE053FC4-E50E-40EC-83EE-78B8493A5B43}.Debug|Any CPU.Build.0 = Debug|Any CPU
		{FE053FC4-E50E-40EC-83EE-78B8493A5B43}.Debug|Any CPU.Deploy.0 = Debug|Any CPU
		{FE053FC4-E50E-40EC-83EE-78B8493A5B43}.Debug|iPhone.ActiveCfg = Debug|Any CPU
		{FE053FC4-E50E-40EC-83EE-78B8493A5B43}.Debug|iPhone.Build.0 = Debug|Any CPU
		{FE053FC4-E50E-40EC-83EE-78B8493A5B43}.Debug|iPhone.Deploy.0 = Debug|Any CPU
		{FE053FC4-E50E-40EC-83EE-78B8493A5B43}.Debug|iPhoneSimulator.ActiveCfg = Debug|Any CPU
		{FE053FC4-E50E-40EC-83EE-78B8493A5B43}.Debug|iPhoneSimulator.Build.0 = Debug|Any CPU
		{FE053FC4-E50E-40EC-83EE-78B8493A5B43}.Debug|iPhoneSimulator.Deploy.0 = Debug|Any CPU
		{FE053FC4-E50E-40EC-83EE-78B8493A5B43}.Release|Any CPU.ActiveCfg = Release|Any CPU
		{FE053FC4-E50E-40EC-83EE-78B8493A5B43}.Release|Any CPU.Build.0 = Release|Any CPU
		{FE053FC4-E50E-40EC-83EE-78B8493A5B43}.Release|Any CPU.Deploy.0 = Release|Any CPU
		{FE053FC4-E50E-40EC-83EE-78B8493A5B43}.Release|iPhone.ActiveCfg = Release|Any CPU
		{FE053FC4-E50E-40EC-83EE-78B8493A5B43}.Release|iPhone.Build.0 = Release|Any CPU
		{FE053FC4-E50E-40EC-83EE-78B8493A5B43}.Release|iPhone.Deploy.0 = Release|Any CPU
		{FE053FC4-E50E-40EC-83EE-78B8493A5B43}.Release|iPhoneSimulator.ActiveCfg = Release|Any CPU
		{FE053FC4-E50E-40EC-83EE-78B8493A5B43}.Release|iPhoneSimulator.Build.0 = Release|Any CPU
		{FE053FC4-E50E-40EC-83EE-78B8493A5B43}.Release|iPhoneSimulator.Deploy.0 = Release|Any CPU
	EndGlobalSection
	GlobalSection(SolutionProperties) = preSolution
		HideSolutionNode = FALSE
	EndGlobalSection
	GlobalSection(ExtensibilityGlobals) = postSolution
		SolutionGuid = {4792ED5B-97CD-4CDF-8A61-2CF5323B8673}
	EndGlobalSection
EndGlobal
